Microsoft Visual Studio Solution File, Format Version 12.00
# Visual Studio Version 17
VisualStudioVersion = 17.5.2.0
MinimumVisualStudioVersion = 10.0.40219.1
Project("{FAE04EC0-301F-11D3-BF4B-00C04F79EFBC}") = "FitnessTrackerAPI", "backend\FitnessTrackerAPI.csproj", "{EADAD7C5-9465-4043-7CB6-800D492222FC}"
EndProject
Global
	GlobalSection(SolutionConfigurationPlatforms) = preSolution
		Debug|Any CPU = Debug|Any CPU
		Release|Any CPU = Release|Any CPU
	EndGlobalSection
	GlobalSection(ProjectConfigurationPlatforms) = postSolution
		{EADAD7C5-9465-4043-7CB6-800D492222FC}.Debug|Any CPU.ActiveCfg = Debug|Any CPU
		{EADAD7C5-9465-4043-7CB6-800D492222FC}.Debug|Any CPU.Build.0 = Debug|Any CPU
		{EADAD7C5-9465-4043-7CB6-800D492222FC}.Release|Any CPU.ActiveCfg = Release|Any CPU
		{EADAD7C5-9465-4043-7CB6-800D492222FC}.Release|Any CPU.Build.0 = Release|Any CPU
	EndGlobalSection
	GlobalSection(SolutionProperties) = preSolution
		HideSolutionNode = FALSE
	EndGlobalSection
	GlobalSection(ExtensibilityGlobals) = postSolution
		SolutionGuid = {A40483D0-A6DF-4F22-B577-E24BB2705E0D}
	EndGlobalSection
EndGlobal
